// !$*UTF8*$!
{
	archiveVersion = 1;
	classes = {
	};
	objectVersion = 56;
	objects = {

/* Begin PBXBuildFile section */
		3437E48A2C3F05320055A88B /* FinancialControlSJApp.swift in Sources */ = {isa = PBXBuildFile; fileRef = 3437E4892C3F05320055A88B /* FinancialControlSJApp.swift */; };
		3437E48C2C3F05320055A88B /* ContentView.swift in Sources */ = {isa = PBXBuildFile; fileRef = 3437E48B2C3F05320055A88B /* ContentView.swift */; };
		3437E48E2C3F05340055A88B /* Assets.xcassets in Resources */ = {isa = PBXBuildFile; fileRef = 3437E48D2C3F05340055A88B /* Assets.xcassets */; };
		3437E4912C3F05340055A88B /* Preview Assets.xcassets in Resources */ = {isa = PBXBuildFile; fileRef = 3437E4902C3F05340055A88B /* Preview Assets.xcassets */; };
		3437E4932C3F05340055A88B /* Persistence.swift in Sources */ = {isa = PBXBuildFile; fileRef = 3437E4922C3F05340055A88B /* Persistence.swift */; };
		3437E4962C3F05340055A88B /* FinancialControlSJ.xcdatamodeld in Sources */ = {isa = PBXBuildFile; fileRef = 3437E4942C3F05340055A88B /* FinancialControlSJ.xcdatamodeld */; };
		3437E4A02C3F05340055A88B /* FinancialControlSJTests.swift in Sources */ = {isa = PBXBuildFile; fileRef = 3437E49F2C3F05340055A88B /* FinancialControlSJTests.swift */; };
		3437E4AA2C3F05340055A88B /* FinancialControlSJUITests.swift in Sources */ = {isa = PBXBuildFile; fileRef = 3437E4A92C3F05340055A88B /* FinancialControlSJUITests.swift */; };
		3437E4AC2C3F05340055A88B /* FinancialControlSJUITestsLaunchTests.swift in Sources */ = {isa = PBXBuildFile; fileRef = 3437E4AB2C3F05340055A88B /* FinancialControlSJUITestsLaunchTests.swift */; };
/* End PBXBuildFile section */

/* Begin PBXContainerItemProxy section */
		3437E49C2C3F05340055A88B /* PBXContainerItemProxy */ = {
			isa = PBXContainerItemProxy;
			containerPortal = 3437E47E2C3F05320055A88B /* Project object */;
			proxyType = 1;
			remoteGlobalIDString = 3437E4852C3F05320055A88B;
			remoteInfo = FinancialControlSJ;
		};
		3437E4A62C3F05340055A88B /* PBXContainerItemProxy */ = {
			isa = PBXContainerItemProxy;
			containerPortal = 3437E47E2C3F05320055A88B /* Project object */;
			proxyType = 1;
			remoteGlobalIDString = 3437E4852C3F05320055A88B;
			remoteInfo = FinancialControlSJ;
		};
/* End PBXContainerItemProxy section */

/* Begin PBXFileReference section */
		3437E4862C3F05320055A88B /* FinancialControlSJ.app */ = {isa = PBXFileReference; explicitFileType = wrapper.application; includeInIndex = 0; path = FinancialControlSJ.app; sourceTree = BUILT_PRODUCTS_DIR; };
		3437E4892C3F05320055A88B /* FinancialControlSJApp.swift */ = {isa = PBXFileReference; lastKnownFileType = sourcecode.swift; path = FinancialControlSJApp.swift; sourceTree = "<group>"; };
		3437E48B2C3F05320055A88B /* ContentView.swift */ = {isa = PBXFileReference; lastKnownFileType = sourcecode.swift; path = ContentView.swift; sourceTree = "<group>"; };
		3437E48D2C3F05340055A88B /* Assets.xcassets */ = {isa = PBXFileReference; lastKnownFileType = folder.assetcatalog; path = Assets.xcassets; sourceTree = "<group>"; };
		3437E4902C3F05340055A88B /* Preview Assets.xcassets */ = {isa = PBXFileReference; lastKnownFileType = folder.assetcatalog; path = "Preview Assets.xcassets"; sourceTree = "<group>"; };
		3437E4922C3F05340055A88B /* Persistence.swift */ = {isa = PBXFileReference; lastKnownFileType = sourcecode.swift; path = Persistence.swift; sourceTree = "<group>"; };
		3437E4952C3F05340055A88B /* FinancialControlSJ.xcdatamodel */ = {isa = PBXFileReference; lastKnownFileType = wrapper.xcdatamodel; path = FinancialControlSJ.xcdatamodel; sourceTree = "<group>"; };
		3437E49B2C3F05340055A88B /* FinancialControlSJTests.xctest */ = {isa = PBXFileReference; explicitFileType = wrapper.cfbundle; includeInIndex = 0; path = FinancialControlSJTests.xctest; sourceTree = BUILT_PRODUCTS_DIR; };
		3437E49F2C3F05340055A88B /* FinancialControlSJTests.swift */ = {isa = PBXFileReference; lastKnownFileType = sourcecode.swift; path = FinancialControlSJTests.swift; sourceTree = "<group>"; };
		3437E4A52C3F05340055A88B /* FinancialControlSJUITests.xctest */ = {isa = PBXFileReference; explicitFileType = wrapper.cfbundle; includeInIndex = 0; path = FinancialControlSJUITests.xctest; sourceTree = BUILT_PRODUCTS_DIR; };
		3437E4A92C3F05340055A88B /* FinancialControlSJUITests.swift */ = {isa = PBXFileReference; lastKnownFileType = sourcecode.swift; path = FinancialControlSJUITests.swift; sourceTree = "<group>"; };
		3437E4AB2C3F05340055A88B /* FinancialControlSJUITestsLaunchTests.swift */ = {isa = PBXFileReference; lastKnownFileType = sourcecode.swift; path = FinancialControlSJUITestsLaunchTests.swift; sourceTree = "<group>"; };
/* End PBXFileReference section */

/* Begin PBXFrameworksBuildPhase section */
		3437E4832C3F05320055A88B /* Frameworks */ = {
			isa = PBXFrameworksBuildPhase;
			buildActionMask = 2147483647;
			files = (
			);
			runOnlyForDeploymentPostprocessing = 0;
		};
		3437E4982C3F05340055A88B /* Frameworks */ = {
			isa = PBXFrameworksBuildPhase;
			buildActionMask = 2147483647;
			files = (
			);
			runOnlyForDeploymentPostprocessing = 0;
		};
		3437E4A22C3F05340055A88B /* Frameworks */ = {
			isa = PBXFrameworksBuildPhase;
			buildActionMask = 2147483647;
			files = (
			);
			runOnlyForDeploymentPostprocessing = 0;
		};
/* End PBXFrameworksBuildPhase section */

/* Begin PBXGroup section */
		3437E47D2C3F05320055A88B = {
			isa = PBXGroup;
			children = (
				3437E4882C3F05320055A88B /* FinancialControlSJ */,
				3437E49E2C3F05340055A88B /* FinancialControlSJTests */,
				3437E4A82C3F05340055A88B /* FinancialControlSJUITests */,
				3437E4872C3F05320055A88B /* Products */,
			);
			sourceTree = "<group>";
		};
		3437E4872C3F05320055A88B /* Products */ = {
			isa = PBXGroup;
			children = (
				3437E4862C3F05320055A88B /* FinancialControlSJ.app */,
				3437E49B2C3F05340055A88B /* FinancialControlSJTests.xctest */,
				3437E4A52C3F05340055A88B /* FinancialControlSJUITests.xctest */,
			);
			name = Products;
			sourceTree = "<group>";
		};
		3437E4882C3F05320055A88B /* FinancialControlSJ */ = {
			isa = PBXGroup;
			children = (
				3437E4892C3F05320055A88B /* FinancialControlSJApp.swift */,
				3437E48B2C3F05320055A88B /* ContentView.swift */,
				3437E48D2C3F05340055A88B /* Assets.xcassets */,
				3437E4922C3F05340055A88B /* Persistence.swift */,
				3437E4942C3F05340055A88B /* FinancialControlSJ.xcdatamodeld */,
				3437E48F2C3F05340055A88B /* Preview Content */,
			);
			path = FinancialControlSJ;
			sourceTree = "<group>";
		};
		3437E48F2C3F05340055A88B /* Preview Content */ = {
			isa = PBXGroup;
			children = (
				3437E4902C3F05340055A88B /* Preview Assets.xcassets */,
			);
			path = "Preview Content";
			sourceTree = "<group>";
		};
		3437E49E2C3F05340055A88B /* FinancialControlSJTests */ = {
			isa = PBXGroup;
			children = (
				3437E49F2C3F05340055A88B /* FinancialControlSJTests.swift */,
			);
			path = FinancialControlSJTests;
			sourceTree = "<group>";
		};
		3437E4A82C3F05340055A88B /* FinancialControlSJUITests */ = {
			isa = PBXGroup;
			children = (
				3437E4A92C3F05340055A88B /* FinancialControlSJUITests.swift */,
				3437E4AB2C3F05340055A88B /* FinancialControlSJUITestsLaunchTests.swift */,
			);
			path = FinancialControlSJUITests;
			sourceTree = "<group>";
		};
/* End PBXGroup section */

/* Begin PBXNativeTarget section */
		3437E4852C3F05320055A88B /* FinancialControlSJ */ = {
			isa = PBXNativeTarget;
			buildConfigurationList = 3437E4AF2C3F05340055A88B /* Build configuration list for PBXNativeTarget "FinancialControlSJ" */;
			buildPhases = (
				3437E4822C3F05320055A88B /* Sources */,
				3437E4832C3F05320055A88B /* Frameworks */,
				3437E4842C3F05320055A88B /* Resources */,
			);
			buildRules = (
			);
			dependencies = (
			);
			name = FinancialControlSJ;
			productName = FinancialControlSJ;
			productReference = 3437E4862C3F05320055A88B /* FinancialControlSJ.app */;
			productType = "com.apple.product-type.application";
		};
		3437E49A2C3F05340055A88B /* FinancialControlSJTests */ = {
			isa = PBXNativeTarget;
			buildConfigurationList = 3437E4B22C3F05340055A88B /* Build configuration list for PBXNativeTarget "FinancialControlSJTests" */;
			buildPhases = (
				3437E4972C3F05340055A88B /* Sources */,
				3437E4982C3F05340055A88B /* Frameworks */,
				3437E4992C3F05340055A88B /* Resources */,
			);
			buildRules = (
			);
			dependencies = (
				3437E49D2C3F05340055A88B /* PBXTargetDependency */,
			);
			name = FinancialControlSJTests;
			productName = FinancialControlSJTests;
			productReference = 3437E49B2C3F05340055A88B /* FinancialControlSJTests.xctest */;
			productType = "com.apple.product-type.bundle.unit-test";
		};
		3437E4A42C3F05340055A88B /* FinancialControlSJUITests */ = {
			isa = PBXNativeTarget;
			buildConfigurationList = 3437E4B52C3F05340055A88B /* Build configuration list for PBXNativeTarget "FinancialControlSJUITests" */;
			buildPhases = (
				3437E4A12C3F05340055A88B /* Sources */,
				3437E4A22C3F05340055A88B /* Frameworks */,
				3437E4A32C3F05340055A88B /* Resources */,
			);
			buildRules = (
			);
			dependencies = (
				3437E4A72C3F05340055A88B /* PBXTargetDependency */,
			);
			name = FinancialControlSJUITests;
			productName = FinancialControlSJUITests;
			productReference = 3437E4A52C3F05340055A88B /* FinancialControlSJUITests.xctest */;
			productType = "com.apple.product-type.bundle.ui-testing";
		};
/* End PBXNativeTarget section */

/* Begin PBXProject section */
		3437E47E2C3F05320055A88B /* Project object */ = {
			isa = PBXProject;
			attributes = {
				BuildIndependentTargetsInParallel = 1;
				LastSwiftUpdateCheck = 1530;
				LastUpgradeCheck = 1530;
				TargetAttributes = {
					3437E4852C3F05320055A88B = {
						CreatedOnToolsVersion = 15.3;
					};
					3437E49A2C3F05340055A88B = {
						CreatedOnToolsVersion = 15.3;
						TestTargetID = 3437E4852C3F05320055A88B;
					};
					3437E4A42C3F05340055A88B = {
						CreatedOnToolsVersion = 15.3;
						TestTargetID = 3437E4852C3F05320055A88B;
					};
				};
			};
			buildConfigurationList = 3437E4812C3F05320055A88B /* Build configuration list for PBXProject "FinancialControlSJ" */;
			compatibilityVersion = "Xcode 14.0";
			developmentRegion = en;
			hasScannedForEncodings = 0;
			knownRegions = (
				en,
				Base,
			);
			mainGroup = 3437E47D2C3F05320055A88B;
			productRefGroup = 3437E4872C3F05320055A88B /* Products */;
			projectDirPath = "";
			projectRoot = "";
			targets = (
				3437E4852C3F05320055A88B /* FinancialControlSJ */,
				3437E49A2C3F05340055A88B /* FinancialControlSJTests */,
				3437E4A42C3F05340055A88B /* FinancialControlSJUITests */,
			);
		};
/* End PBXProject section */

/* Begin PBXResourcesBuildPhase section */
		3437E4842C3F05320055A88B /* Resources */ = {
			isa = PBXResourcesBuildPhase;
			buildActionMask = 2147483647;
			files = (
				3437E4912C3F05340055A88B /* Preview Assets.xcassets in Resources */,
				3437E48E2C3F05340055A88B /* Assets.xcassets in Resources */,
			);
			runOnlyForDeploymentPostprocessing = 0;
		};
		3437E4992C3F05340055A88B /* Resources */ = {
			isa = PBXResourcesBuildPhase;
			buildActionMask = 2147483647;
			files = (
			);
			runOnlyForDeploymentPostprocessing = 0;
		};
		3437E4A32C3F05340055A88B /* Resources */ = {
			isa = PBXResourcesBuildPhase;
			buildActionMask = 2147483647;
			files = (
			);
			runOnlyForDeploymentPostprocessing = 0;
		};
/* End PBXResourcesBuildPhase section */

/* Begin PBXSourcesBuildPhase section */
		3437E4822C3F05320055A88B /* Sources */ = {
			isa = PBXSourcesBuildPhase;
			buildActionMask = 2147483647;
			files = (
				3437E4932C3F05340055A88B /* Persistence.swift in Sources */,
				3437E48C2C3F05320055A88B /* ContentView.swift in Sources */,
				3437E4962C3F05340055A88B /* FinancialControlSJ.xcdatamodeld in Sources */,
				3437E48A2C3F05320055A88B /* FinancialControlSJApp.swift in Sources */,
			);
			runOnlyForDeploymentPostprocessing = 0;
		};
		3437E4972C3F05340055A88B /* Sources */ = {
			isa = PBXSourcesBuildPhase;
			buildActionMask = 2147483647;
			files = (
				3437E4A02C3F05340055A88B /* FinancialControlSJTests.swift in Sources */,
			);
			runOnlyForDeploymentPostprocessing = 0;
		};
		3437E4A12C3F05340055A88B /* Sources */ = {
			isa = PBXSourcesBuildPhase;
			buildActionMask = 2147483647;
			files = (
				3437E4AA2C3F05340055A88B /* FinancialControlSJUITests.swift in Sources */,
				3437E4AC2C3F05340055A88B /* FinancialControlSJUITestsLaunchTests.swift in Sources */,
			);
			runOnlyForDeploymentPostprocessing = 0;
		};
/* End PBXSourcesBuildPhase section */

/* Begin PBXTargetDependency section */
		3437E49D2C3F05340055A88B /* PBXTargetDependency */ = {
			isa = PBXTargetDependency;
			target = 3437E4852C3F05320055A88B /* FinancialControlSJ */;
			targetProxy = 3437E49C2C3F05340055A88B /* PBXContainerItemProxy */;
		};
		3437E4A72C3F05340055A88B /* PBXTargetDependency */ = {
			isa = PBXTargetDependency;
			target = 3437E4852C3F05320055A88B /* FinancialControlSJ */;
			targetProxy = 3437E4A62C3F05340055A88B /* PBXContainerItemProxy */;
		};
/* End PBXTargetDependency section */

/* Begin XCBuildConfiguration section */
		3437E4AD2C3F05340055A88B /* Debug */ = {
			isa = XCBuildConfiguration;
			buildSettings = {
				ALWAYS_SEARCH_USER_PATHS = NO;
				ASSETCATALOG_COMPILER_GENERATE_SWIFT_ASSET_SYMBOL_EXTENSIONS = YES;
				CLANG_ANALYZER_NONNULL = YES;
				CLANG_ANALYZER_NUMBER_OBJECT_CONVERSION = YES_AGGRESSIVE;
				CLANG_CXX_LANGUAGE_STANDARD = "gnu++20";
				CLANG_ENABLE_MODULES = YES;
				CLANG_ENABLE_OBJC_ARC = YES;
				CLANG_ENABLE_OBJC_WEAK = YES;
				CLANG_WARN_BLOCK_CAPTURE_AUTORELEASING = YES;
				CLANG_WARN_BOOL_CONVERSION = YES;
				CLANG_WARN_COMMA = YES;
				CLANG_WARN_CONSTANT_CONVERSION = YES;
				CLANG_WARN_DEPRECATED_OBJC_IMPLEMENTATIONS = YES;
				CLANG_WARN_DIRECT_OBJC_ISA_USAGE = YES_ERROR;
				CLANG_WARN_DOCUMENTATION_COMMENTS = YES;
				CLANG_WARN_EMPTY_BODY = YES;
				CLANG_WARN_ENUM_CONVERSION = YES;
				CLANG_WARN_INFINITE_RECURSION = YES;
				CLANG_WARN_INT_CONVERSION = YES;
				CLANG_WARN_NON_LITERAL_NULL_CONVERSION = YES;
				CLANG_WARN_OBJC_IMPLICIT_RETAIN_SELF = YES;
				CLANG_WARN_OBJC_LITERAL_CONVERSION = YES;
				CLANG_WARN_OBJC_ROOT_CLASS = YES_ERROR;
				CLANG_WARN_QUOTED_INCLUDE_IN_FRAMEWORK_HEADER = YES;
				CLANG_WARN_RANGE_LOOP_ANALYSIS = YES;
				CLANG_WARN_STRICT_PROTOTYPES = YES;
				CLANG_WARN_SUSPICIOUS_MOVE = YES;
				CLANG_WARN_UNGUARDED_AVAILABILITY = YES_AGGRESSIVE;
				CLANG_WARN_UNREACHABLE_CODE = YES;
				CLANG_WARN__DUPLICATE_METHOD_MATCH = YES;
				COPY_PHASE_STRIP = NO;
				DEBUG_INFORMATION_FORMAT = dwarf;
				ENABLE_STRICT_OBJC_MSGSEND = YES;
				ENABLE_TESTABILITY = YES;
				ENABLE_USER_SCRIPT_SANDBOXING = YES;
				GCC_C_LANGUAGE_STANDARD = gnu17;
				GCC_DYNAMIC_NO_PIC = NO;
				GCC_NO_COMMON_BLOCKS = YES;
				GCC_OPTIMIZATION_LEVEL = 0;
				GCC_PREPROCESSOR_DEFINITIONS = (
					"DEBUG=1",
					"$(inherited)",
				);
				GCC_WARN_64_TO_32_BIT_CONVERSION = YES;
				GCC_WARN_ABOUT_RETURN_TYPE = YES_ERROR;
				GCC_WARN_UNDECLARED_SELECTOR = YES;
				GCC_WARN_UNINITIALIZED_AUTOS = YES_AGGRESSIVE;
				GCC_WARN_UNUSED_FUNCTION = YES;
				GCC_WARN_UNUSED_VARIABLE = YES;
				IPHONEOS_DEPLOYMENT_TARGET = 17.4;
				LOCALIZATION_PREFERS_STRING_CATALOGS = YES;
				MTL_ENABLE_DEBUG_INFO = INCLUDE_SOURCE;
				MTL_FAST_MATH = YES;
				ONLY_ACTIVE_ARCH = YES;
				SDKROOT = iphoneos;
				SWIFT_ACTIVE_COMPILATION_CONDITIONS = "DEBUG $(inherited)";
				SWIFT_OPTIMIZATION_LEVEL = "-Onone";
			};
			name = Debug;
		};
		3437E4AE2C3F05340055A88B /* Release */ = {
			isa = XCBuildConfiguration;
			buildSettings = {
				ALWAYS_SEARCH_USER_PATHS = NO;
				ASSETCATALOG_COMPILER_GENERATE_SWIFT_ASSET_SYMBOL_EXTENSIONS = YES;
				CLANG_ANALYZER_NONNULL = YES;
				CLANG_ANALYZER_NUMBER_OBJECT_CONVERSION = YES_AGGRESSIVE;
				CLANG_CXX_LANGUAGE_STANDARD = "gnu++20";
				CLANG_ENABLE_MODULES = YES;
				CLANG_ENABLE_OBJC_ARC = YES;
				CLANG_ENABLE_OBJC_WEAK = YES;
				CLANG_WARN_BLOCK_CAPTURE_AUTORELEASING = YES;
				CLANG_WARN_BOOL_CONVERSION = YES;
				CLANG_WARN_COMMA = YES;
				CLANG_WARN_CONSTANT_CONVERSION = YES;
				CLANG_WARN_DEPRECATED_OBJC_IMPLEMENTATIONS = YES;
				CLANG_WARN_DIRECT_OBJC_ISA_USAGE = YES_ERROR;
				CLANG_WARN_DOCUMENTATION_COMMENTS = YES;
				CLANG_WARN_EMPTY_BODY = YES;
				CLANG_WARN_ENUM_CONVERSION = YES;
				CLANG_WARN_INFINITE_RECURSION = YES;
				CLANG_WARN_INT_CONVERSION = YES;
				CLANG_WARN_NON_LITERAL_NULL_CONVERSION = YES;
				CLANG_WARN_OBJC_IMPLICIT_RETAIN_SELF = YES;
				CLANG_WARN_OBJC_LITERAL_CONVERSION = YES;
				CLANG_WARN_OBJC_ROOT_CLASS = YES_ERROR;
				CLANG_WARN_QUOTED_INCLUDE_IN_FRAMEWORK_HEADER = YES;
				CLANG_WARN_RANGE_LOOP_ANALYSIS = YES;
				CLANG_WARN_STRICT_PROTOTYPES = YES;
				CLANG_WARN_SUSPICIOUS_MOVE = YES;
				CLANG_WARN_UNGUARDED_AVAILABILITY = YES_AGGRESSIVE;
				CLANG_WARN_UNREACHABLE_CODE = YES;
				CLANG_WARN__DUPLICATE_METHOD_MATCH = YES;
				COPY_PHASE_STRIP = NO;
				DEBUG_INFORMATION_FORMAT = "dwarf-with-dsym";
				ENABLE_NS_ASSERTIONS = NO;
				ENABLE_STRICT_OBJC_MSGSEND = YES;
				ENABLE_USER_SCRIPT_SANDBOXING = YES;
				GCC_C_LANGUAGE_STANDARD = gnu17;
				GCC_NO_COMMON_BLOCKS = YES;
				GCC_WARN_64_TO_32_BIT_CONVERSION = YES;
				GCC_WARN_ABOUT_RETURN_TYPE = YES_ERROR;
				GCC_WARN_UNDECLARED_SELECTOR = YES;
				GCC_WARN_UNINITIALIZED_AUTOS = YES_AGGRESSIVE;
				GCC_WARN_UNUSED_FUNCTION = YES;
				GCC_WARN_UNUSED_VARIABLE = YES;
				IPHONEOS_DEPLOYMENT_TARGET = 17.4;
				LOCALIZATION_PREFERS_STRING_CATALOGS = YES;
				MTL_ENABLE_DEBUG_INFO = NO;
				MTL_FAST_MATH = YES;
				SDKROOT = iphoneos;
				SWIFT_COMPILATION_MODE = wholemodule;
				VALIDATE_PRODUCT = YES;
			};
			name = Release;
		};
		3437E4B02C3F05340055A88B /* Debug */ = {
			isa = XCBuildConfiguration;
			buildSettings = {
				ASSETCATALOG_COMPILER_APPICON_NAME = AppIcon;
				ASSETCATALOG_COMPILER_GLOBAL_ACCENT_COLOR_NAME = AccentColor;
				CODE_SIGN_STYLE = Automatic;
				CURRENT_PROJECT_VERSION = 1;
				DEVELOPMENT_ASSET_PATHS = "\"FinancialControlSJ/Preview Content\"";
				DEVELOPMENT_TEAM = MT4A7M75NC;
				ENABLE_PREVIEWS = YES;
				GENERATE_INFOPLIST_FILE = YES;
				INFOPLIST_KEY_UIApplicationSceneManifest_Generation = YES;
				INFOPLIST_KEY_UIApplicationSupportsIndirectInputEvents = YES;
				INFOPLIST_KEY_UILaunchScreen_Generation = YES;
				INFOPLIST_KEY_UISupportedInterfaceOrientations_iPad = "UIInterfaceOrientationPortrait UIInterfaceOrientationPortraitUpsideDown UIInterfaceOrientationLandscapeLeft UIInterfaceOrientationLandscapeRight";
				INFOPLIST_KEY_UISupportedInterfaceOrientations_iPhone = "UIInterfaceOrientationPortrait UIInterfaceOrientationLandscapeLeft UIInterfaceOrientationLandscapeRight";
				LD_RUNPATH_SEARCH_PATHS = (
					"$(inherited)",
					"@executable_path/Frameworks",
				);
				MARKETING_VERSION = 1.0;
				PRODUCT_BUNDLE_IDENTIFIER = UIKitAnimation.FinancialControlSJ;
				PRODUCT_NAME = "$(TARGET_NAME)";
				SWIFT_EMIT_LOC_STRINGS = YES;
				SWIFT_VERSION = 5.0;
				TARGETED_DEVICE_FAMILY = "1,2";
			};
			name = Debug;
		};
		3437E4B12C3F05340055A88B /* Release */ = {
			isa = XCBuildConfiguration;
			buildSettings = {
				ASSETCATALOG_COMPILER_APPICON_NAME = AppIcon;
				ASSETCATALOG_COMPILER_GLOBAL_ACCENT_COLOR_NAME = AccentColor;
				CODE_SIGN_STYLE = Automatic;
				CURRENT_PROJECT_VERSION = 1;
				DEVELOPMENT_ASSET_PATHS = "\"FinancialControlSJ/Preview Content\"";
				DEVELOPMENT_TEAM = MT4A7M75NC;
				ENABLE_PREVIEWS = YES;
				GENERATE_INFOPLIST_FILE = YES;
				INFOPLIST_KEY_UIApplicationSceneManifest_Generation = YES;
				INFOPLIST_KEY_UIApplicationSupportsIndirectInputEvents = YES;
				INFOPLIST_KEY_UILaunchScreen_Generation = YES;
				INFOPLIST_KEY_UISupportedInterfaceOrientations_iPad = "UIInterfaceOrientationPortrait UIInterfaceOrientationPortraitUpsideDown UIInterfaceOrientationLandscapeLeft UIInterfaceOrientationLandscapeRight";
				INFOPLIST_KEY_UISupportedInterfaceOrientations_iPhone = "UIInterfaceOrientationPortrait UIInterfaceOrientationLandscapeLeft UIInterfaceOrientationLandscapeRight";
				LD_RUNPATH_SEARCH_PATHS = (
					"$(inherited)",
					"@executable_path/Frameworks",
				);
				MARKETING_VERSION = 1.0;
				PRODUCT_BUNDLE_IDENTIFIER = UIKitAnimation.FinancialControlSJ;
				PRODUCT_NAME = "$(TARGET_NAME)";
				SWIFT_EMIT_LOC_STRINGS = YES;
				SWIFT_VERSION = 5.0;
				TARGETED_DEVICE_FAMILY = "1,2";
			};
			name = Release;
		};
		3437E4B32C3F05340055A88B /* Debug */ = {
			isa = XCBuildConfiguration;
			buildSettings = {
				ALWAYS_EMBED_SWIFT_STANDARD_LIBRARIES = YES;
				BUNDLE_LOADER = "$(TEST_HOST)";
				CODE_SIGN_STYLE = Automatic;
				CURRENT_PROJECT_VERSION = 1;
				DEVELOPMENT_TEAM = MT4A7M75NC;
				GENERATE_INFOPLIST_FILE = YES;
				IPHONEOS_DEPLOYMENT_TARGET = 17.4;
				MARKETING_VERSION = 1.0;
				PRODUCT_BUNDLE_IDENTIFIER = UIKitAnimation.FinancialControlSJTests;
				PRODUCT_NAME = "$(TARGET_NAME)";
				SWIFT_EMIT_LOC_STRINGS = NO;
				SWIFT_VERSION = 5.0;
				TARGETED_DEVICE_FAMILY = "1,2";
				TEST_HOST = "$(BUILT_PRODUCTS_DIR)/FinancialControlSJ.app/$(BUNDLE_EXECUTABLE_FOLDER_PATH)/FinancialControlSJ";
			};
			name = Debug;
		};
		3437E4B42C3F05340055A88B /* Release */ = {
			isa = XCBuildConfiguration;
			buildSettings = {
				ALWAYS_EMBED_SWIFT_STANDARD_LIBRARIES = YES;
				BUNDLE_LOADER = "$(TEST_HOST)";
				CODE_SIGN_STYLE = Automatic;
				CURRENT_PROJECT_VERSION = 1;
				DEVELOPMENT_TEAM = MT4A7M75NC;
				GENERATE_INFOPLIST_FILE = YES;
				IPHONEOS_DEPLOYMENT_TARGET = 17.4;
				MARKETING_VERSION = 1.0;
				PRODUCT_BUNDLE_IDENTIFIER = UIKitAnimation.FinancialControlSJTests;
				PRODUCT_NAME = "$(TARGET_NAME)";
				SWIFT_EMIT_LOC_STRINGS = NO;
				SWIFT_VERSION = 5.0;
				TARGETED_DEVICE_FAMILY = "1,2";
				TEST_HOST = "$(BUILT_PRODUCTS_DIR)/FinancialControlSJ.app/$(BUNDLE_EXECUTABLE_FOLDER_PATH)/FinancialControlSJ";
			};
			name = Release;
		};
		3437E4B62C3F05340055A88B /* Debug */ = {
			isa = XCBuildConfiguration;
			buildSettings = {
				ALWAYS_EMBED_SWIFT_STANDARD_LIBRARIES = YES;
				CODE_SIGN_STYLE = Automatic;
				CURRENT_PROJECT_VERSION = 1;
				DEVELOPMENT_TEAM = MT4A7M75NC;
				GENERATE_INFOPLIST_FILE = YES;
				MARKETING_VERSION = 1.0;
				PRODUCT_BUNDLE_IDENTIFIER = UIKitAnimation.FinancialControlSJUITests;
				PRODUCT_NAME = "$(TARGET_NAME)";
				SWIFT_EMIT_LOC_STRINGS = NO;
				SWIFT_VERSION = 5.0;
				TARGETED_DEVICE_FAMILY = "1,2";
				TEST_TARGET_NAME = FinancialControlSJ;
			};
			name = Debug;
		};
		3437E4B72C3F05340055A88B /* Release */ = {
			isa = XCBuildConfiguration;
			buildSettings = {
				ALWAYS_EMBED_SWIFT_STANDARD_LIBRARIES = YES;
				CODE_SIGN_STYLE = Automatic;
				CURRENT_PROJECT_VERSION = 1;
				DEVELOPMENT_TEAM = MT4A7M75NC;
				GENERATE_INFOPLIST_FILE = YES;
				MARKETING_VERSION = 1.0;
				PRODUCT_BUNDLE_IDENTIFIER = UIKitAnimation.FinancialControlSJUITests;
				PRODUCT_NAME = "$(TARGET_NAME)";
				SWIFT_EMIT_LOC_STRINGS = NO;
				SWIFT_VERSION = 5.0;
				TARGETED_DEVICE_FAMILY = "1,2";
				TEST_TARGET_NAME = FinancialControlSJ;
			};
			name = Release;
		};
/* End XCBuildConfiguration section */

/* Begin XCConfigurationList section */
		3437E4812C3F05320055A88B /* Build configuration list for PBXProject "FinancialControlSJ" */ = {
			isa = XCConfigurationList;
			buildConfigurations = (
				3437E4AD2C3F05340055A88B /* Debug */,
				3437E4AE2C3F05340055A88B /* Release */,
			);
			defaultConfigurationIsVisible = 0;
			defaultConfigurationName = Release;
		};
		3437E4AF2C3F05340055A88B /* Build configuration list for PBXNativeTarget "FinancialControlSJ" */ = {
			isa = XCConfigurationList;
			buildConfigurations = (
				3437E4B02C3F05340055A88B /* Debug */,
				3437E4B12C3F05340055A88B /* Release */,
			);
			defaultConfigurationIsVisible = 0;
			defaultConfigurationName = Release;
		};
		3437E4B22C3F05340055A88B /* Build configuration list for PBXNativeTarget "FinancialControlSJTests" */ = {
			isa = XCConfigurationList;
			buildConfigurations = (
				3437E4B32C3F05340055A88B /* Debug */,
				3437E4B42C3F05340055A88B /* Release */,
			);
			defaultConfigurationIsVisible = 0;
			defaultConfigurationName = Release;
		};
		3437E4B52C3F05340055A88B /* Build configuration list for PBXNativeTarget "FinancialControlSJUITests" */ = {
			isa = XCConfigurationList;
			buildConfigurations = (
				3437E4B62C3F05340055A88B /* Debug */,
				3437E4B72C3F05340055A88B /* Release */,
			);
			defaultConfigurationIsVisible = 0;
			defaultConfigurationName = Release;
		};
/* End XCConfigurationList section */

/* Begin XCVersionGroup section */
		3437E4942C3F05340055A88B /* FinancialControlSJ.xcdatamodeld */ = {
			isa = XCVersionGroup;
			children = (
				3437E4952C3F05340055A88B /* FinancialControlSJ.xcdatamodel */,
			);
			currentVersion = 3437E4952C3F05340055A88B /* FinancialControlSJ.xcdatamodel */;
			path = FinancialControlSJ.xcdatamodeld;
			sourceTree = "<group>";
			versionGroupType = wrapper.xcdatamodel;
		};
/* End XCVersionGroup section */
	};
	rootObject = 3437E47E2C3F05320055A88B /* Project object */;
}
